
Microsoft Visual Studio Solution File, Format Version 12.00
# Visual Studio Version 16
VisualStudioVersion = 16.0.32407.337
MinimumVisualStudioVersion = 10.0.40219.1
Project("{9A19103F-16F7-4668-BE54-9A1E7A4F7556}") = "CommonInterfaces", "..\CommonInterfaces\CommonInterfaces\CommonInterfaces.csproj", "{7485072B-9208-4EB1-A78B-86FCFEF04F80}"
EndProject
Project("{2150E333-8FDC-42A3-9474-1A3956D46DE8}") = "Solution Items", "Solution Items", "{7C2326DB-95C4-4098-9DE3-592B732B335E}"
	ProjectSection(SolutionItems) = preProject
		.editorconfig = .editorconfig
	EndProjectSection
EndProject
Project("{9A19103F-16F7-4668-BE54-9A1E7A4F7556}") = "IIoTSimulatorUI", "IIoTSimulatorUI\IIoTSimulatorUI.csproj", "{0CF37846-4AD9-4E2F-AAFF-E346EC86345F}"
EndProject
Project("{9A19103F-16F7-4668-BE54-9A1E7A4F7556}") = "MQTTCommunicator", "..\MQTTCommunicator\MQTTCommunicator\MQTTCommunicator.csproj", "{AE670A61-79AF-4B8F-9976-9EEEFEFFABE6}"
EndProject
Project("{9A19103F-16F7-4668-BE54-9A1E7A4F7556}") = "SensorAndSensorgroup", "..\DataManagement\DataManagement\SensorAndSensorgroup.csproj", "{F4551CC5-C3AF-4C41-B880-5F2DDC630138}"
EndProject
Project("{9A19103F-16F7-4668-BE54-9A1E7A4F7556}") = "DataStorage", "..\DataStorage\DataStorage\DataStorage.csproj", "{AF4021C1-DD94-40F4-81EF-3A445D703F47}"
EndProject
Project("{9A19103F-16F7-4668-BE54-9A1E7A4F7556}") = "SensorDataSimulator", "..\SensorDataSimulator\SensorDataSimulator\SensorDataSimulator.csproj", "{3C1603F3-82BD-411D-8F81-F62CB62813E1}"
EndProject
Global
	GlobalSection(SolutionConfigurationPlatforms) = preSolution
		Debug|Any CPU = Debug|Any CPU
		Release|Any CPU = Release|Any CPU
	EndGlobalSection
	GlobalSection(ProjectConfigurationPlatforms) = postSolution
		{7485072B-9208-4EB1-A78B-86FCFEF04F80}.Debug|Any CPU.ActiveCfg = Debug|Any CPU
		{7485072B-9208-4EB1-A78B-86FCFEF04F80}.Debug|Any CPU.Build.0 = Debug|Any CPU
		{7485072B-9208-4EB1-A78B-86FCFEF04F80}.Release|Any CPU.ActiveCfg = Release|Any CPU
		{7485072B-9208-4EB1-A78B-86FCFEF04F80}.Release|Any CPU.Build.0 = Release|Any CPU
		{0CF37846-4AD9-4E2F-AAFF-E346EC86345F}.Debug|Any CPU.ActiveCfg = Debug|Any CPU
		{0CF37846-4AD9-4E2F-AAFF-E346EC86345F}.Debug|Any CPU.Build.0 = Debug|Any CPU
		{0CF37846-4AD9-4E2F-AAFF-E346EC86345F}.Release|Any CPU.ActiveCfg = Release|Any CPU
		{0CF37846-4AD9-4E2F-AAFF-E346EC86345F}.Release|Any CPU.Build.0 = Release|Any CPU
		{AE670A61-79AF-4B8F-9976-9EEEFEFFABE6}.Debug|Any CPU.ActiveCfg = Debug|Any CPU
		{AE670A61-79AF-4B8F-9976-9EEEFEFFABE6}.Debug|Any CPU.Build.0 = Debug|Any CPU
		{AE670A61-79AF-4B8F-9976-9EEEFEFFABE6}.Release|Any CPU.ActiveCfg = Release|Any CPU
		{AE670A61-79AF-4B8F-9976-9EEEFEFFABE6}.Release|Any CPU.Build.0 = Release|Any CPU
		{F4551CC5-C3AF-4C41-B880-5F2DDC630138}.Debug|Any CPU.ActiveCfg = Debug|Any CPU
		{F4551CC5-C3AF-4C41-B880-5F2DDC630138}.Debug|Any CPU.Build.0 = Debug|Any CPU
		{F4551CC5-C3AF-4C41-B880-5F2DDC630138}.Release|Any CPU.ActiveCfg = Release|Any CPU
		{F4551CC5-C3AF-4C41-B880-5F2DDC630138}.Release|Any CPU.Build.0 = Release|Any CPU
		{AF4021C1-DD94-40F4-81EF-3A445D703F47}.Debug|Any CPU.ActiveCfg = Debug|Any CPU
		{AF4021C1-DD94-40F4-81EF-3A445D703F47}.Debug|Any CPU.Build.0 = Debug|Any CPU
		{AF4021C1-DD94-40F4-81EF-3A445D703F47}.Release|Any CPU.ActiveCfg = Release|Any CPU
		{AF4021C1-DD94-40F4-81EF-3A445D703F47}.Release|Any CPU.Build.0 = Release|Any CPU
		{3C1603F3-82BD-411D-8F81-F62CB62813E1}.Debug|Any CPU.ActiveCfg = Debug|Any CPU
		{3C1603F3-82BD-411D-8F81-F62CB62813E1}.Debug|Any CPU.Build.0 = Debug|Any CPU
		{3C1603F3-82BD-411D-8F81-F62CB62813E1}.Release|Any CPU.ActiveCfg = Release|Any CPU
		{3C1603F3-82BD-411D-8F81-F62CB62813E1}.Release|Any CPU.Build.0 = Release|Any CPU
	EndGlobalSection
	GlobalSection(SolutionProperties) = preSolution
		HideSolutionNode = FALSE
	EndGlobalSection
	GlobalSection(ExtensibilityGlobals) = postSolution
		SolutionGuid = {573F9D63-041B-46A1-8C27-A6956CC2E406}
	EndGlobalSection
EndGlobal
