
Microsoft Visual Studio Solution File, Format Version 12.00
# Visual Studio Version 16
VisualStudioVersion = 16.0.32407.337
MinimumVisualStudioVersion = 10.0.40219.1
Project("{9A19103F-16F7-4668-BE54-9A1E7A4F7556}") = "SensorAndSensorgroup", "DataManagement\SensorAndSensorgroup.csproj", "{2386D761-273E-4795-B1AD-CF9922A6F9B2}"
EndProject
Project("{9A19103F-16F7-4668-BE54-9A1E7A4F7556}") = "CommonInterfaces", "..\CommonInterfaces\CommonInterfaces\CommonInterfaces.csproj", "{DC0299C0-9B15-4E54-ADF5-415ED0ADB5BD}"
EndProject
Project("{9A19103F-16F7-4668-BE54-9A1E7A4F7556}") = "NunitTestDatamanagement", "NunitTestDatamanagement\NunitTestDatamanagement.csproj", "{2F65780E-5974-4291-8C1A-518E9E389A2C}"
EndProject
Global
	GlobalSection(SolutionConfigurationPlatforms) = preSolution
		Debug|Any CPU = Debug|Any CPU
		Release|Any CPU = Release|Any CPU
	EndGlobalSection
	GlobalSection(ProjectConfigurationPlatforms) = postSolution
		{2386D761-273E-4795-B1AD-CF9922A6F9B2}.Debug|Any CPU.ActiveCfg = Debug|Any CPU
		{2386D761-273E-4795-B1AD-CF9922A6F9B2}.Debug|Any CPU.Build.0 = Debug|Any CPU
		{2386D761-273E-4795-B1AD-CF9922A6F9B2}.Release|Any CPU.ActiveCfg = Release|Any CPU
		{2386D761-273E-4795-B1AD-CF9922A6F9B2}.Release|Any CPU.Build.0 = Release|Any CPU
		{DC0299C0-9B15-4E54-ADF5-415ED0ADB5BD}.Debug|Any CPU.ActiveCfg = Debug|Any CPU
		{DC0299C0-9B15-4E54-ADF5-415ED0ADB5BD}.Debug|Any CPU.Build.0 = Debug|Any CPU
		{DC0299C0-9B15-4E54-ADF5-415ED0ADB5BD}.Release|Any CPU.ActiveCfg = Release|Any CPU
		{DC0299C0-9B15-4E54-ADF5-415ED0ADB5BD}.Release|Any CPU.Build.0 = Release|Any CPU
		{2F65780E-5974-4291-8C1A-518E9E389A2C}.Debug|Any CPU.ActiveCfg = Debug|Any CPU
		{2F65780E-5974-4291-8C1A-518E9E389A2C}.Debug|Any CPU.Build.0 = Debug|Any CPU
		{2F65780E-5974-4291-8C1A-518E9E389A2C}.Release|Any CPU.ActiveCfg = Release|Any CPU
		{2F65780E-5974-4291-8C1A-518E9E389A2C}.Release|Any CPU.Build.0 = Release|Any CPU
	EndGlobalSection
	GlobalSection(SolutionProperties) = preSolution
		HideSolutionNode = FALSE
	EndGlobalSection
	GlobalSection(ExtensibilityGlobals) = postSolution
		SolutionGuid = {D83144F5-D010-4027-8D2E-B71C602711EE}
	EndGlobalSection
EndGlobal
