
Microsoft Visual Studio Solution File, Format Version 12.00
# Visual Studio Version 16
VisualStudioVersion = 16.0.32407.337
MinimumVisualStudioVersion = 10.0.40219.1
Project("{9A19103F-16F7-4668-BE54-9A1E7A4F7556}") = "CommonInterfaces", "CommonInterfaces\CommonInterfaces.csproj", "{B35C900D-FC0A-4E02-818B-45D9A094DF84}"
EndProject
Project("{9A19103F-16F7-4668-BE54-9A1E7A4F7556}") = "DataManagement", "..\DataManagement\DataManagement\DataManagement.csproj", "{26A0754A-C971-4015-94EA-A0813B1584BC}"
EndProject
Project("{9A19103F-16F7-4668-BE54-9A1E7A4F7556}") = "DataStorage", "..\DataStorage\DataStorage\DataStorage.csproj", "{9480DB07-B9D4-4F7E-AF4F-E571BD380D2D}"
EndProject
Global
	GlobalSection(SolutionConfigurationPlatforms) = preSolution
		Debug|Any CPU = Debug|Any CPU
		Release|Any CPU = Release|Any CPU
	EndGlobalSection
	GlobalSection(ProjectConfigurationPlatforms) = postSolution
		{B35C900D-FC0A-4E02-818B-45D9A094DF84}.Debug|Any CPU.ActiveCfg = Debug|Any CPU
		{B35C900D-FC0A-4E02-818B-45D9A094DF84}.Debug|Any CPU.Build.0 = Debug|Any CPU
		{B35C900D-FC0A-4E02-818B-45D9A094DF84}.Release|Any CPU.ActiveCfg = Release|Any CPU
		{B35C900D-FC0A-4E02-818B-45D9A094DF84}.Release|Any CPU.Build.0 = Release|Any CPU
		{26A0754A-C971-4015-94EA-A0813B1584BC}.Debug|Any CPU.ActiveCfg = Debug|Any CPU
		{26A0754A-C971-4015-94EA-A0813B1584BC}.Debug|Any CPU.Build.0 = Debug|Any CPU
		{26A0754A-C971-4015-94EA-A0813B1584BC}.Release|Any CPU.ActiveCfg = Release|Any CPU
		{26A0754A-C971-4015-94EA-A0813B1584BC}.Release|Any CPU.Build.0 = Release|Any CPU
		{9480DB07-B9D4-4F7E-AF4F-E571BD380D2D}.Debug|Any CPU.ActiveCfg = Debug|Any CPU
		{9480DB07-B9D4-4F7E-AF4F-E571BD380D2D}.Debug|Any CPU.Build.0 = Debug|Any CPU
		{9480DB07-B9D4-4F7E-AF4F-E571BD380D2D}.Release|Any CPU.ActiveCfg = Release|Any CPU
		{9480DB07-B9D4-4F7E-AF4F-E571BD380D2D}.Release|Any CPU.Build.0 = Release|Any CPU
	EndGlobalSection
	GlobalSection(SolutionProperties) = preSolution
		HideSolutionNode = FALSE
	EndGlobalSection
	GlobalSection(ExtensibilityGlobals) = postSolution
		SolutionGuid = {30A84FAE-5CE5-48FC-8D5D-10527143933A}
	EndGlobalSection
EndGlobal
