
Microsoft Visual Studio Solution File, Format Version 12.00
# Visual Studio Version 16
VisualStudioVersion = 16.0.31624.102
MinimumVisualStudioVersion = 10.0.40219.1
Project("{FAE04EC0-301F-11D3-BF4B-00C04F79EFBC}") = "SensorAndSensorgroups", "SensorAndSensorgroups\SensorAndSensorgroups.csproj", "{859D5812-F443-496E-87AF-6DF48755B4C8}"
EndProject
Project("{9A19103F-16F7-4668-BE54-9A1E7A4F7556}") = "CommonInterfaces", "..\CommonInterfaces\CommonInterfaces\CommonInterfaces.csproj", "{D4A83A8F-8C3D-49DD-A2CC-7F55C884B30A}"
EndProject
Global
	GlobalSection(SolutionConfigurationPlatforms) = preSolution
		Debug|Any CPU = Debug|Any CPU
		Release|Any CPU = Release|Any CPU
	EndGlobalSection
	GlobalSection(ProjectConfigurationPlatforms) = postSolution
		{859D5812-F443-496E-87AF-6DF48755B4C8}.Debug|Any CPU.ActiveCfg = Debug|Any CPU
		{859D5812-F443-496E-87AF-6DF48755B4C8}.Debug|Any CPU.Build.0 = Debug|Any CPU
		{859D5812-F443-496E-87AF-6DF48755B4C8}.Release|Any CPU.ActiveCfg = Release|Any CPU
		{859D5812-F443-496E-87AF-6DF48755B4C8}.Release|Any CPU.Build.0 = Release|Any CPU
		{D4A83A8F-8C3D-49DD-A2CC-7F55C884B30A}.Debug|Any CPU.ActiveCfg = Debug|Any CPU
		{D4A83A8F-8C3D-49DD-A2CC-7F55C884B30A}.Debug|Any CPU.Build.0 = Debug|Any CPU
		{D4A83A8F-8C3D-49DD-A2CC-7F55C884B30A}.Release|Any CPU.ActiveCfg = Release|Any CPU
		{D4A83A8F-8C3D-49DD-A2CC-7F55C884B30A}.Release|Any CPU.Build.0 = Release|Any CPU
	EndGlobalSection
	GlobalSection(SolutionProperties) = preSolution
		HideSolutionNode = FALSE
	EndGlobalSection
	GlobalSection(ExtensibilityGlobals) = postSolution
		SolutionGuid = {0F5C9465-A372-4788-8DB0-4D508A570B3C}
	EndGlobalSection
EndGlobal
