
Microsoft Visual Studio Solution File, Format Version 12.00
# Visual Studio Version 16
VisualStudioVersion = 16.0.31624.102
MinimumVisualStudioVersion = 10.0.40219.1
Project("{FAE04EC0-301F-11D3-BF4B-00C04F79EFBC}") = "SensorDataSimulatorDummy", "SensorDataSimulatorDummy\SensorDataSimulatorDummy.csproj", "{CD72F810-743D-4AC9-A7BF-43E76FAC2B40}"
EndProject
Project("{9A19103F-16F7-4668-BE54-9A1E7A4F7556}") = "CommonInterfaces", "..\..\CommonInterfaces\CommonInterfaces\CommonInterfaces.csproj", "{5C516A05-7BCD-4A26-91DD-07F4AA21932C}"
EndProject
Global
	GlobalSection(SolutionConfigurationPlatforms) = preSolution
		Debug|Any CPU = Debug|Any CPU
		Release|Any CPU = Release|Any CPU
	EndGlobalSection
	GlobalSection(ProjectConfigurationPlatforms) = postSolution
		{CD72F810-743D-4AC9-A7BF-43E76FAC2B40}.Debug|Any CPU.ActiveCfg = Debug|Any CPU
		{CD72F810-743D-4AC9-A7BF-43E76FAC2B40}.Debug|Any CPU.Build.0 = Debug|Any CPU
		{CD72F810-743D-4AC9-A7BF-43E76FAC2B40}.Release|Any CPU.ActiveCfg = Release|Any CPU
		{CD72F810-743D-4AC9-A7BF-43E76FAC2B40}.Release|Any CPU.Build.0 = Release|Any CPU
		{5C516A05-7BCD-4A26-91DD-07F4AA21932C}.Debug|Any CPU.ActiveCfg = Debug|Any CPU
		{5C516A05-7BCD-4A26-91DD-07F4AA21932C}.Debug|Any CPU.Build.0 = Debug|Any CPU
		{5C516A05-7BCD-4A26-91DD-07F4AA21932C}.Release|Any CPU.ActiveCfg = Release|Any CPU
		{5C516A05-7BCD-4A26-91DD-07F4AA21932C}.Release|Any CPU.Build.0 = Release|Any CPU
	EndGlobalSection
	GlobalSection(SolutionProperties) = preSolution
		HideSolutionNode = FALSE
	EndGlobalSection
	GlobalSection(ExtensibilityGlobals) = postSolution
		SolutionGuid = {497AEE5C-1F02-4976-A844-2D1B789E2249}
	EndGlobalSection
EndGlobal
