
Microsoft Visual Studio Solution File, Format Version 12.00
# Visual Studio Version 16
VisualStudioVersion = 16.0.31624.102
MinimumVisualStudioVersion = 10.0.40219.1
Project("{FAE04EC0-301F-11D3-BF4B-00C04F79EFBC}") = "DataAnalysisDummy", "DataAnalysisDummy\DataAnalysisDummy.csproj", "{55E36A4D-4623-4956-89BD-DFBF584DE748}"
EndProject
Global
	GlobalSection(SolutionConfigurationPlatforms) = preSolution
		Debug|Any CPU = Debug|Any CPU
		Release|Any CPU = Release|Any CPU
	EndGlobalSection
	GlobalSection(ProjectConfigurationPlatforms) = postSolution
		{55E36A4D-4623-4956-89BD-DFBF584DE748}.Debug|Any CPU.ActiveCfg = Debug|Any CPU
		{55E36A4D-4623-4956-89BD-DFBF584DE748}.Debug|Any CPU.Build.0 = Debug|Any CPU
		{55E36A4D-4623-4956-89BD-DFBF584DE748}.Release|Any CPU.ActiveCfg = Release|Any CPU
		{55E36A4D-4623-4956-89BD-DFBF584DE748}.Release|Any CPU.Build.0 = Release|Any CPU
	EndGlobalSection
	GlobalSection(SolutionProperties) = preSolution
		HideSolutionNode = FALSE
	EndGlobalSection
	GlobalSection(ExtensibilityGlobals) = postSolution
		SolutionGuid = {B0FA07D6-F4B6-4DA4-8283-C5FC0CD25B1B}
	EndGlobalSection
EndGlobal
