
Microsoft Visual Studio Solution File, Format Version 12.00
# Visual Studio Version 16
VisualStudioVersion = 16.0.32407.337
MinimumVisualStudioVersion = 10.0.40219.1
Project("{9A19103F-16F7-4668-BE54-9A1E7A4F7556}") = "SensorDataSimulator", "SensorDataSimulator\SensorDataSimulator.csproj", "{74F3EAFF-E7D5-4386-8CA6-C50E840E52C3}"
EndProject
Project("{9A19103F-16F7-4668-BE54-9A1E7A4F7556}") = "CommonInterfaces", "..\CommonInterfaces\CommonInterfaces\CommonInterfaces.csproj", "{8BF2AC9A-DE38-4A21-B4E0-30FA907521B3}"
EndProject
Project("{FAE04EC0-301F-11D3-BF4B-00C04F79EFBC}") = "NUnitTestSensorDataSimulator", "NUnitTestSensorDataSimulator\NUnitTestSensorDataSimulator.csproj", "{A64CEFA0-D988-4350-94D0-EB615A9B70DE}"
EndProject
Global
	GlobalSection(SolutionConfigurationPlatforms) = preSolution
		Debug|Any CPU = Debug|Any CPU
		Release|Any CPU = Release|Any CPU
	EndGlobalSection
	GlobalSection(ProjectConfigurationPlatforms) = postSolution
		{74F3EAFF-E7D5-4386-8CA6-C50E840E52C3}.Debug|Any CPU.ActiveCfg = Debug|Any CPU
		{74F3EAFF-E7D5-4386-8CA6-C50E840E52C3}.Debug|Any CPU.Build.0 = Debug|Any CPU
		{74F3EAFF-E7D5-4386-8CA6-C50E840E52C3}.Release|Any CPU.ActiveCfg = Release|Any CPU
		{74F3EAFF-E7D5-4386-8CA6-C50E840E52C3}.Release|Any CPU.Build.0 = Release|Any CPU
		{8BF2AC9A-DE38-4A21-B4E0-30FA907521B3}.Debug|Any CPU.ActiveCfg = Debug|Any CPU
		{8BF2AC9A-DE38-4A21-B4E0-30FA907521B3}.Debug|Any CPU.Build.0 = Debug|Any CPU
		{8BF2AC9A-DE38-4A21-B4E0-30FA907521B3}.Release|Any CPU.ActiveCfg = Release|Any CPU
		{8BF2AC9A-DE38-4A21-B4E0-30FA907521B3}.Release|Any CPU.Build.0 = Release|Any CPU
		{A64CEFA0-D988-4350-94D0-EB615A9B70DE}.Debug|Any CPU.ActiveCfg = Debug|Any CPU
		{A64CEFA0-D988-4350-94D0-EB615A9B70DE}.Debug|Any CPU.Build.0 = Debug|Any CPU
		{A64CEFA0-D988-4350-94D0-EB615A9B70DE}.Release|Any CPU.ActiveCfg = Release|Any CPU
		{A64CEFA0-D988-4350-94D0-EB615A9B70DE}.Release|Any CPU.Build.0 = Release|Any CPU
	EndGlobalSection
	GlobalSection(SolutionProperties) = preSolution
		HideSolutionNode = FALSE
	EndGlobalSection
	GlobalSection(ExtensibilityGlobals) = postSolution
		SolutionGuid = {D221CFFE-8F3E-45EE-B9F5-F4F7373410DC}
	EndGlobalSection
EndGlobal
