
Microsoft Visual Studio Solution File, Format Version 12.00
# Visual Studio Version 16
VisualStudioVersion = 16.0.32407.337
MinimumVisualStudioVersion = 10.0.40219.1
Project("{9A19103F-16F7-4668-BE54-9A1E7A4F7556}") = "DataStorage", "DataStorage\DataStorage.csproj", "{2E35E5CF-4D57-48D7-8E11-3A0138DB1D29}"
EndProject
Project("{9A19103F-16F7-4668-BE54-9A1E7A4F7556}") = "CommonInterfaces", "..\CommonInterfaces\CommonInterfaces\CommonInterfaces.csproj", "{E3AAE910-2AE4-4467-8F76-BF2C0FDE0482}"
EndProject
Project("{9A19103F-16F7-4668-BE54-9A1E7A4F7556}") = "NunitTestDatastorage", "NunitTestDatastorage\NunitTestDatastorage.csproj", "{E217A3A2-9CB0-424A-8D9D-FC79623A26D1}"
EndProject
Project("{9A19103F-16F7-4668-BE54-9A1E7A4F7556}") = "SensorAndSensorgroup", "..\DataManagement\DataManagement\SensorAndSensorgroup.csproj", "{1CC059C6-DC25-4C37-B4B4-1024C7DDAF97}"
EndProject
Project("{9A19103F-16F7-4668-BE54-9A1E7A4F7556}") = "MQTTCommunicator", "..\MQTTCommunicator\MQTTCommunicator\MQTTCommunicator.csproj", "{F65EAE2B-58F6-4DCD-BD57-03B569416FA6}"
EndProject
Global
	GlobalSection(SolutionConfigurationPlatforms) = preSolution
		Debug|Any CPU = Debug|Any CPU
		Release|Any CPU = Release|Any CPU
	EndGlobalSection
	GlobalSection(ProjectConfigurationPlatforms) = postSolution
		{2E35E5CF-4D57-48D7-8E11-3A0138DB1D29}.Debug|Any CPU.ActiveCfg = Debug|Any CPU
		{2E35E5CF-4D57-48D7-8E11-3A0138DB1D29}.Debug|Any CPU.Build.0 = Debug|Any CPU
		{2E35E5CF-4D57-48D7-8E11-3A0138DB1D29}.Release|Any CPU.ActiveCfg = Release|Any CPU
		{2E35E5CF-4D57-48D7-8E11-3A0138DB1D29}.Release|Any CPU.Build.0 = Release|Any CPU
		{E3AAE910-2AE4-4467-8F76-BF2C0FDE0482}.Debug|Any CPU.ActiveCfg = Debug|Any CPU
		{E3AAE910-2AE4-4467-8F76-BF2C0FDE0482}.Debug|Any CPU.Build.0 = Debug|Any CPU
		{E3AAE910-2AE4-4467-8F76-BF2C0FDE0482}.Release|Any CPU.ActiveCfg = Release|Any CPU
		{E3AAE910-2AE4-4467-8F76-BF2C0FDE0482}.Release|Any CPU.Build.0 = Release|Any CPU
		{E217A3A2-9CB0-424A-8D9D-FC79623A26D1}.Debug|Any CPU.ActiveCfg = Debug|Any CPU
		{E217A3A2-9CB0-424A-8D9D-FC79623A26D1}.Debug|Any CPU.Build.0 = Debug|Any CPU
		{E217A3A2-9CB0-424A-8D9D-FC79623A26D1}.Release|Any CPU.ActiveCfg = Release|Any CPU
		{E217A3A2-9CB0-424A-8D9D-FC79623A26D1}.Release|Any CPU.Build.0 = Release|Any CPU
		{1CC059C6-DC25-4C37-B4B4-1024C7DDAF97}.Debug|Any CPU.ActiveCfg = Debug|Any CPU
		{1CC059C6-DC25-4C37-B4B4-1024C7DDAF97}.Debug|Any CPU.Build.0 = Debug|Any CPU
		{1CC059C6-DC25-4C37-B4B4-1024C7DDAF97}.Release|Any CPU.ActiveCfg = Release|Any CPU
		{1CC059C6-DC25-4C37-B4B4-1024C7DDAF97}.Release|Any CPU.Build.0 = Release|Any CPU
		{F65EAE2B-58F6-4DCD-BD57-03B569416FA6}.Debug|Any CPU.ActiveCfg = Debug|Any CPU
		{F65EAE2B-58F6-4DCD-BD57-03B569416FA6}.Debug|Any CPU.Build.0 = Debug|Any CPU
		{F65EAE2B-58F6-4DCD-BD57-03B569416FA6}.Release|Any CPU.ActiveCfg = Release|Any CPU
		{F65EAE2B-58F6-4DCD-BD57-03B569416FA6}.Release|Any CPU.Build.0 = Release|Any CPU
	EndGlobalSection
	GlobalSection(SolutionProperties) = preSolution
		HideSolutionNode = FALSE
	EndGlobalSection
	GlobalSection(ExtensibilityGlobals) = postSolution
		SolutionGuid = {F588AD97-084B-4B0A-9E52-5F64E78D98BD}
	EndGlobalSection
EndGlobal
